
Microsoft Visual Studio Solution File, Format Version 12.00
# Visual Studio 15
VisualStudioVersion = 15.0.28010.2026
MinimumVisualStudioVersion = 10.0.40219.1
Project("{FAE04EC0-301F-11D3-BF4B-00C04F79EFBC}") = "WebAp", "WebAp\WebAp.csproj", "{BC7612D2-CA04-40C4-8FE8-80C50E096DED}"
EndProject
Global
	GlobalSection(SolutionConfigurationPlatforms) = preSolution
		Debug|Any CPU = Debug|Any CPU
		Release|Any CPU = Release|Any CPU
	EndGlobalSection
	GlobalSection(ProjectConfigurationPlatforms) = postSolution
		{BC7612D2-CA04-40C4-8FE8-80C50E096DED}.Debug|Any CPU.ActiveCfg = Debug|Any CPU
		{BC7612D2-CA04-40C4-8FE8-80C50E096DED}.Debug|Any CPU.Build.0 = Debug|Any CPU
		{BC7612D2-CA04-40C4-8FE8-80C50E096DED}.Release|Any CPU.ActiveCfg = Release|Any CPU
		{BC7612D2-CA04-40C4-8FE8-80C50E096DED}.Release|Any CPU.Build.0 = Release|Any CPU
	EndGlobalSection
	GlobalSection(SolutionProperties) = preSolution
		HideSolutionNode = FALSE
	EndGlobalSection
	GlobalSection(ExtensibilityGlobals) = postSolution
		SolutionGuid = {053E64A1-AF77-4ACF-AAE0-98585D14DE60}
	EndGlobalSection
EndGlobal
